
Microsoft Visual Studio Solution File, Format Version 12.00
# Visual Studio Version 16
VisualStudioVersion = 16.0.30717.126
MinimumVisualStudioVersion = 10.0.40219.1
Project("{FAE04EC0-301F-11D3-BF4B-00C04F79EFBC}") = "WindowsForms", "WindowsForms\WindowsForms.csproj", "{B93C4F56-4796-4A9B-9764-7E61A82C8972}"
EndProject
Global
	GlobalSection(SolutionConfigurationPlatforms) = preSolution
		Debug|Any CPU = Debug|Any CPU
		Release|Any CPU = Release|Any CPU
	EndGlobalSection
	GlobalSection(ProjectConfigurationPlatforms) = postSolution
		{B93C4F56-4796-4A9B-9764-7E61A82C8972}.Debug|Any CPU.ActiveCfg = Debug|Any CPU
		{B93C4F56-4796-4A9B-9764-7E61A82C8972}.Debug|Any CPU.Build.0 = Debug|Any CPU
		{B93C4F56-4796-4A9B-9764-7E61A82C8972}.Release|Any CPU.ActiveCfg = Release|Any CPU
		{B93C4F56-4796-4A9B-9764-7E61A82C8972}.Release|Any CPU.Build.0 = Release|Any CPU
	EndGlobalSection
	GlobalSection(SolutionProperties) = preSolution
		HideSolutionNode = FALSE
	EndGlobalSection
	GlobalSection(ExtensibilityGlobals) = postSolution
		SolutionGuid = {51179D01-7434-4384-B9E5-F798BB9F037B}
	EndGlobalSection
EndGlobal
